
Microsoft Visual Studio Solution File, Format Version 11.00
# Visual Studio 2010
Project("{FAE04EC0-301F-11D3-BF4B-00C04F79EFBC}") = "gitWeb", "gitWeb\gitWeb.csproj", "{C071CABD-1F6F-40C9-8002-55D6DE7290F5}"
EndProject
Global
	GlobalSection(SolutionConfigurationPlatforms) = preSolution
		Debug|Any CPU = Debug|Any CPU
		Release|Any CPU = Release|Any CPU
	EndGlobalSection
	GlobalSection(ProjectConfigurationPlatforms) = postSolution
		{C071CABD-1F6F-40C9-8002-55D6DE7290F5}.Debug|Any CPU.ActiveCfg = Debug|Any CPU
		{C071CABD-1F6F-40C9-8002-55D6DE7290F5}.Debug|Any CPU.Build.0 = Debug|Any CPU
		{C071CABD-1F6F-40C9-8002-55D6DE7290F5}.Release|Any CPU.ActiveCfg = Release|Any CPU
		{C071CABD-1F6F-40C9-8002-55D6DE7290F5}.Release|Any CPU.Build.0 = Release|Any CPU
	EndGlobalSection
	GlobalSection(SolutionProperties) = preSolution
		HideSolutionNode = FALSE
	EndGlobalSection
EndGlobal
